// !$*UTF8*$!
{
	archiveVersion = 1;
	classes = {
	};
	objectVersion = 56;
	objects = {

/* Begin PBXBuildFile section */
		F061CCEC2C043CA2000ACE4D /* AppDelegate.swift in Sources */ = {isa = PBXBuildFile; fileRef = F061CCEB2C043CA2000ACE4D /* AppDelegate.swift */; };
		F061CCEE2C043CA2000ACE4D /* SceneDelegate.swift in Sources */ = {isa = PBXBuildFile; fileRef = F061CCED2C043CA2000ACE4D /* SceneDelegate.swift */; };
		F061CCF02C043CA2000ACE4D /* ViewController.swift in Sources */ = {isa = PBXBuildFile; fileRef = F061CCEF2C043CA2000ACE4D /* ViewController.swift */; };
		F061CCF32C043CA2000ACE4D /* Base in Resources */ = {isa = PBXBuildFile; fileRef = F061CCF22C043CA2000ACE4D /* Base */; };
		F061CCF52C043CA2000ACE4D /* Assets.xcassets in Resources */ = {isa = PBXBuildFile; fileRef = F061CCF42C043CA2000ACE4D /* Assets.xcassets */; };
		F061CCF82C043CA2000ACE4D /* Base in Resources */ = {isa = PBXBuildFile; fileRef = F061CCF72C043CA2000ACE4D /* Base */; };
		F06281E52C057A96005AE6BC /* HomeTableViewHeader.xib in Resources */ = {isa = PBXBuildFile; fileRef = F06281E42C057A96005AE6BC /* HomeTableViewHeader.xib */; };
		F06281E72C057F02005AE6BC /* HomeTableViewHeader.swift in Sources */ = {isa = PBXBuildFile; fileRef = F06281E62C057F02005AE6BC /* HomeTableViewHeader.swift */; };
/* End PBXBuildFile section */

/* Begin PBXFileReference section */
		F061CCE82C043CA2000ACE4D /* 02_Alura_Trips_iOS_.app */ = {isa = PBXFileReference; explicitFileType = wrapper.application; includeInIndex = 0; path = 02_Alura_Trips_iOS_.app; sourceTree = BUILT_PRODUCTS_DIR; };
		F061CCEB2C043CA2000ACE4D /* AppDelegate.swift */ = {isa = PBXFileReference; lastKnownFileType = sourcecode.swift; path = AppDelegate.swift; sourceTree = "<group>"; };
		F061CCED2C043CA2000ACE4D /* SceneDelegate.swift */ = {isa = PBXFileReference; lastKnownFileType = sourcecode.swift; path = SceneDelegate.swift; sourceTree = "<group>"; };
		F061CCEF2C043CA2000ACE4D /* ViewController.swift */ = {isa = PBXFileReference; lastKnownFileType = sourcecode.swift; path = ViewController.swift; sourceTree = "<group>"; };
		F061CCF22C043CA2000ACE4D /* Base */ = {isa = PBXFileReference; lastKnownFileType = file.storyboard; name = Base; path = Base.lproj/Main.storyboard; sourceTree = "<group>"; };
		F061CCF42C043CA2000ACE4D /* Assets.xcassets */ = {isa = PBXFileReference; lastKnownFileType = folder.assetcatalog; path = Assets.xcassets; sourceTree = "<group>"; };
		F061CCF72C043CA2000ACE4D /* Base */ = {isa = PBXFileReference; lastKnownFileType = file.storyboard; name = Base; path = Base.lproj/LaunchScreen.storyboard; sourceTree = "<group>"; };
		F061CCF92C043CA2000ACE4D /* Info.plist */ = {isa = PBXFileReference; lastKnownFileType = text.plist.xml; path = Info.plist; sourceTree = "<group>"; };
		F06281E42C057A96005AE6BC /* HomeTableViewHeader.xib */ = {isa = PBXFileReference; lastKnownFileType = file.xib; path = HomeTableViewHeader.xib; sourceTree = "<group>"; };
		F06281E62C057F02005AE6BC /* HomeTableViewHeader.swift */ = {isa = PBXFileReference; lastKnownFileType = sourcecode.swift; path = HomeTableViewHeader.swift; sourceTree = "<group>"; };
/* End PBXFileReference section */

/* Begin PBXFrameworksBuildPhase section */
		F061CCE52C043CA2000ACE4D /* Frameworks */ = {
			isa = PBXFrameworksBuildPhase;
			buildActionMask = 2147483647;
			files = (
			);
			runOnlyForDeploymentPostprocessing = 0;
		};
/* End PBXFrameworksBuildPhase section */

/* Begin PBXGroup section */
		F05065F82C08485B000C4E3F /* AppDelegate */ = {
			isa = PBXGroup;
			children = (
				F061CCEB2C043CA2000ACE4D /* AppDelegate.swift */,
				F061CCED2C043CA2000ACE4D /* SceneDelegate.swift */,
			);
			path = AppDelegate;
			sourceTree = "<group>";
		};
		F05065F92C084889000C4E3F /* Model */ = {
			isa = PBXGroup;
			children = (
			);
			path = Model;
			sourceTree = "<group>";
		};
		F05065FA2C0848A9000C4E3F /* View */ = {
			isa = PBXGroup;
			children = (
				F061CCEF2C043CA2000ACE4D /* ViewController.swift */,
				F061CCF12C043CA2000ACE4D /* Main.storyboard */,
				F05065FB2C0848EB000C4E3F /* Header */,
			);
			path = View;
			sourceTree = "<group>";
		};
		F05065FB2C0848EB000C4E3F /* Header */ = {
			isa = PBXGroup;
			children = (
				F06281E42C057A96005AE6BC /* HomeTableViewHeader.xib */,
				F06281E62C057F02005AE6BC /* HomeTableViewHeader.swift */,
			);
			path = Header;
			sourceTree = "<group>";
		};
		F05065FC2C08490C000C4E3F /* ViewModel */ = {
			isa = PBXGroup;
			children = (
			);
			path = ViewModel;
			sourceTree = "<group>";
		};
		F061CCDF2C043CA2000ACE4D = {
			isa = PBXGroup;
			children = (
				F061CCEA2C043CA2000ACE4D /* 02_Alura_Trips_iOS_ */,
				F061CCE92C043CA2000ACE4D /* Products */,
			);
			sourceTree = "<group>";
		};
		F061CCE92C043CA2000ACE4D /* Products */ = {
			isa = PBXGroup;
			children = (
				F061CCE82C043CA2000ACE4D /* 02_Alura_Trips_iOS_.app */,
			);
			name = Products;
			sourceTree = "<group>";
		};
		F061CCEA2C043CA2000ACE4D /* 02_Alura_Trips_iOS_ */ = {
			isa = PBXGroup;
			children = (
				F05065F82C08485B000C4E3F /* AppDelegate */,
				F05065F92C084889000C4E3F /* Model */,
				F05065FA2C0848A9000C4E3F /* View */,
				F05065FC2C08490C000C4E3F /* ViewModel */,
				F061CCF42C043CA2000ACE4D /* Assets.xcassets */,
				F061CCF62C043CA2000ACE4D /* LaunchScreen.storyboard */,
				F061CCF92C043CA2000ACE4D /* Info.plist */,
			);
			path = 02_Alura_Trips_iOS_;
			sourceTree = "<group>";
		};
/* End PBXGroup section */

/* Begin PBXNativeTarget section */
		F061CCE72C043CA2000ACE4D /* 02_Alura_Trips_iOS_ */ = {
			isa = PBXNativeTarget;
			buildConfigurationList = F061CCFC2C043CA2000ACE4D /* Build configuration list for PBXNativeTarget "02_Alura_Trips_iOS_" */;
			buildPhases = (
				F061CCE42C043CA2000ACE4D /* Sources */,
				F061CCE52C043CA2000ACE4D /* Frameworks */,
				F061CCE62C043CA2000ACE4D /* Resources */,
			);
			buildRules = (
			);
			dependencies = (
			);
			name = 02_Alura_Trips_iOS_;
			productName = 02_Alura_Trips_iOS_;
			productReference = F061CCE82C043CA2000ACE4D /* 02_Alura_Trips_iOS_.app */;
			productType = "com.apple.product-type.application";
		};
/* End PBXNativeTarget section */

/* Begin PBXProject section */
		F061CCE02C043CA2000ACE4D /* Project object */ = {
			isa = PBXProject;
			attributes = {
				BuildIndependentTargetsInParallel = 1;
				LastSwiftUpdateCheck = 1540;
				LastUpgradeCheck = 1540;
				TargetAttributes = {
					F061CCE72C043CA2000ACE4D = {
						CreatedOnToolsVersion = 15.4;
					};
				};
			};
			buildConfigurationList = F061CCE32C043CA2000ACE4D /* Build configuration list for PBXProject "02_Alura_Trips_iOS_" */;
			compatibilityVersion = "Xcode 14.0";
			developmentRegion = en;
			hasScannedForEncodings = 0;
			knownRegions = (
				en,
				Base,
			);
			mainGroup = F061CCDF2C043CA2000ACE4D;
			productRefGroup = F061CCE92C043CA2000ACE4D /* Products */;
			projectDirPath = "";
			projectRoot = "";
			targets = (
				F061CCE72C043CA2000ACE4D /* 02_Alura_Trips_iOS_ */,
			);
		};
/* End PBXProject section */

/* Begin PBXResourcesBuildPhase section */
		F061CCE62C043CA2000ACE4D /* Resources */ = {
			isa = PBXResourcesBuildPhase;
			buildActionMask = 2147483647;
			files = (
				F061CCF52C043CA2000ACE4D /* Assets.xcassets in Resources */,
				F06281E52C057A96005AE6BC /* HomeTableViewHeader.xib in Resources */,
				F061CCF82C043CA2000ACE4D /* Base in Resources */,
				F061CCF32C043CA2000ACE4D /* Base in Resources */,
			);
			runOnlyForDeploymentPostprocessing = 0;
		};
/* End PBXResourcesBuildPhase section */

/* Begin PBXSourcesBuildPhase section */
		F061CCE42C043CA2000ACE4D /* Sources */ = {
			isa = PBXSourcesBuildPhase;
			buildActionMask = 2147483647;
			files = (
				F061CCF02C043CA2000ACE4D /* ViewController.swift in Sources */,
				F06281E72C057F02005AE6BC /* HomeTableViewHeader.swift in Sources */,
				F061CCEC2C043CA2000ACE4D /* AppDelegate.swift in Sources */,
				F061CCEE2C043CA2000ACE4D /* SceneDelegate.swift in Sources */,
			);
			runOnlyForDeploymentPostprocessing = 0;
		};
/* End PBXSourcesBuildPhase section */

/* Begin PBXVariantGroup section */
		F061CCF12C043CA2000ACE4D /* Main.storyboard */ = {
			isa = PBXVariantGroup;
			children = (
				F061CCF22C043CA2000ACE4D /* Base */,
			);
			name = Main.storyboard;
			sourceTree = "<group>";
		};
		F061CCF62C043CA2000ACE4D /* LaunchScreen.storyboard */ = {
			isa = PBXVariantGroup;
			children = (
				F061CCF72C043CA2000ACE4D /* Base */,
			);
			name = LaunchScreen.storyboard;
			sourceTree = "<group>";
		};
/* End PBXVariantGroup section */

/* Begin XCBuildConfiguration section */
		F061CCFA2C043CA2000ACE4D /* Debug */ = {
			isa = XCBuildConfiguration;
			buildSettings = {
				ALWAYS_SEARCH_USER_PATHS = NO;
				ASSETCATALOG_COMPILER_GENERATE_SWIFT_ASSET_SYMBOL_EXTENSIONS = YES;
				CLANG_ANALYZER_NONNULL = YES;
				CLANG_ANALYZER_NUMBER_OBJECT_CONVERSION = YES_AGGRESSIVE;
				CLANG_CXX_LANGUAGE_STANDARD = "gnu++20";
				CLANG_ENABLE_MODULES = YES;
				CLANG_ENABLE_OBJC_ARC = YES;
				CLANG_ENABLE_OBJC_WEAK = YES;
				CLANG_WARN_BLOCK_CAPTURE_AUTORELEASING = YES;
				CLANG_WARN_BOOL_CONVERSION = YES;
				CLANG_WARN_COMMA = YES;
				CLANG_WARN_CONSTANT_CONVERSION = YES;
				CLANG_WARN_DEPRECATED_OBJC_IMPLEMENTATIONS = YES;
				CLANG_WARN_DIRECT_OBJC_ISA_USAGE = YES_ERROR;
				CLANG_WARN_DOCUMENTATION_COMMENTS = YES;
				CLANG_WARN_EMPTY_BODY = YES;
				CLANG_WARN_ENUM_CONVERSION = YES;
				CLANG_WARN_INFINITE_RECURSION = YES;
				CLANG_WARN_INT_CONVERSION = YES;
				CLANG_WARN_NON_LITERAL_NULL_CONVERSION = YES;
				CLANG_WARN_OBJC_IMPLICIT_RETAIN_SELF = YES;
				CLANG_WARN_OBJC_LITERAL_CONVERSION = YES;
				CLANG_WARN_OBJC_ROOT_CLASS = YES_ERROR;
				CLANG_WARN_QUOTED_INCLUDE_IN_FRAMEWORK_HEADER = YES;
				CLANG_WARN_RANGE_LOOP_ANALYSIS = YES;
				CLANG_WARN_STRICT_PROTOTYPES = YES;
				CLANG_WARN_SUSPICIOUS_MOVE = YES;
				CLANG_WARN_UNGUARDED_AVAILABILITY = YES_AGGRESSIVE;
				CLANG_WARN_UNREACHABLE_CODE = YES;
				CLANG_WARN__DUPLICATE_METHOD_MATCH = YES;
				COPY_PHASE_STRIP = NO;
				DEBUG_INFORMATION_FORMAT = dwarf;
				ENABLE_STRICT_OBJC_MSGSEND = YES;
				ENABLE_TESTABILITY = YES;
				ENABLE_USER_SCRIPT_SANDBOXING = YES;
				GCC_C_LANGUAGE_STANDARD = gnu17;
				GCC_DYNAMIC_NO_PIC = NO;
				GCC_NO_COMMON_BLOCKS = YES;
				GCC_OPTIMIZATION_LEVEL = 0;
				GCC_PREPROCESSOR_DEFINITIONS = (
					"DEBUG=1",
					"$(inherited)",
				);
				GCC_WARN_64_TO_32_BIT_CONVERSION = YES;
				GCC_WARN_ABOUT_RETURN_TYPE = YES_ERROR;
				GCC_WARN_UNDECLARED_SELECTOR = YES;
				GCC_WARN_UNINITIALIZED_AUTOS = YES_AGGRESSIVE;
				GCC_WARN_UNUSED_FUNCTION = YES;
				GCC_WARN_UNUSED_VARIABLE = YES;
				IPHONEOS_DEPLOYMENT_TARGET = 17.5;
				LOCALIZATION_PREFERS_STRING_CATALOGS = YES;
				MTL_ENABLE_DEBUG_INFO = INCLUDE_SOURCE;
				MTL_FAST_MATH = YES;
				ONLY_ACTIVE_ARCH = YES;
				SDKROOT = iphoneos;
				SWIFT_ACTIVE_COMPILATION_CONDITIONS = "DEBUG $(inherited)";
				SWIFT_OPTIMIZATION_LEVEL = "-Onone";
			};
			name = Debug;
		};
		F061CCFB2C043CA2000ACE4D /* Release */ = {
			isa = XCBuildConfiguration;
			buildSettings = {
				ALWAYS_SEARCH_USER_PATHS = NO;
				ASSETCATALOG_COMPILER_GENERATE_SWIFT_ASSET_SYMBOL_EXTENSIONS = YES;
				CLANG_ANALYZER_NONNULL = YES;
				CLANG_ANALYZER_NUMBER_OBJECT_CONVERSION = YES_AGGRESSIVE;
				CLANG_CXX_LANGUAGE_STANDARD = "gnu++20";
				CLANG_ENABLE_MODULES = YES;
				CLANG_ENABLE_OBJC_ARC = YES;
				CLANG_ENABLE_OBJC_WEAK = YES;
				CLANG_WARN_BLOCK_CAPTURE_AUTORELEASING = YES;
				CLANG_WARN_BOOL_CONVERSION = YES;
				CLANG_WARN_COMMA = YES;
				CLANG_WARN_CONSTANT_CONVERSION = YES;
				CLANG_WARN_DEPRECATED_OBJC_IMPLEMENTATIONS = YES;
				CLANG_WARN_DIRECT_OBJC_ISA_USAGE = YES_ERROR;
				CLANG_WARN_DOCUMENTATION_COMMENTS = YES;
				CLANG_WARN_EMPTY_BODY = YES;
				CLANG_WARN_ENUM_CONVERSION = YES;
				CLANG_WARN_INFINITE_RECURSION = YES;
				CLANG_WARN_INT_CONVERSION = YES;
				CLANG_WARN_NON_LITERAL_NULL_CONVERSION = YES;
				CLANG_WARN_OBJC_IMPLICIT_RETAIN_SELF = YES;
				CLANG_WARN_OBJC_LITERAL_CONVERSION = YES;
				CLANG_WARN_OBJC_ROOT_CLASS = YES_ERROR;
				CLANG_WARN_QUOTED_INCLUDE_IN_FRAMEWORK_HEADER = YES;
				CLANG_WARN_RANGE_LOOP_ANALYSIS = YES;
				CLANG_WARN_STRICT_PROTOTYPES = YES;
				CLANG_WARN_SUSPICIOUS_MOVE = YES;
				CLANG_WARN_UNGUARDED_AVAILABILITY = YES_AGGRESSIVE;
				CLANG_WARN_UNREACHABLE_CODE = YES;
				CLANG_WARN__DUPLICATE_METHOD_MATCH = YES;
				COPY_PHASE_STRIP = NO;
				DEBUG_INFORMATION_FORMAT = "dwarf-with-dsym";
				ENABLE_NS_ASSERTIONS = NO;
				ENABLE_STRICT_OBJC_MSGSEND = YES;
				ENABLE_USER_SCRIPT_SANDBOXING = YES;
				GCC_C_LANGUAGE_STANDARD = gnu17;
				GCC_NO_COMMON_BLOCKS = YES;
				GCC_WARN_64_TO_32_BIT_CONVERSION = YES;
				GCC_WARN_ABOUT_RETURN_TYPE = YES_ERROR;
				GCC_WARN_UNDECLARED_SELECTOR = YES;
				GCC_WARN_UNINITIALIZED_AUTOS = YES_AGGRESSIVE;
				GCC_WARN_UNUSED_FUNCTION = YES;
				GCC_WARN_UNUSED_VARIABLE = YES;
				IPHONEOS_DEPLOYMENT_TARGET = 17.5;
				LOCALIZATION_PREFERS_STRING_CATALOGS = YES;
				MTL_ENABLE_DEBUG_INFO = NO;
				MTL_FAST_MATH = YES;
				SDKROOT = iphoneos;
				SWIFT_COMPILATION_MODE = wholemodule;
				VALIDATE_PRODUCT = YES;
			};
			name = Release;
		};
		F061CCFD2C043CA2000ACE4D /* Debug */ = {
			isa = XCBuildConfiguration;
			buildSettings = {
				ASSETCATALOG_COMPILER_APPICON_NAME = AppIcon;
				ASSETCATALOG_COMPILER_GLOBAL_ACCENT_COLOR_NAME = AccentColor;
				CODE_SIGN_STYLE = Automatic;
				CURRENT_PROJECT_VERSION = 1;
				GENERATE_INFOPLIST_FILE = YES;
				INFOPLIST_FILE = 02_Alura_Trips_iOS_/Info.plist;
				INFOPLIST_KEY_UIApplicationSupportsIndirectInputEvents = YES;
				INFOPLIST_KEY_UILaunchStoryboardName = LaunchScreen;
				INFOPLIST_KEY_UIMainStoryboardFile = Main;
				INFOPLIST_KEY_UISupportedInterfaceOrientations_iPad = "UIInterfaceOrientationPortrait UIInterfaceOrientationPortraitUpsideDown UIInterfaceOrientationLandscapeLeft UIInterfaceOrientationLandscapeRight";
				INFOPLIST_KEY_UISupportedInterfaceOrientations_iPhone = "UIInterfaceOrientationPortrait UIInterfaceOrientationLandscapeLeft UIInterfaceOrientationLandscapeRight";
				LD_RUNPATH_SEARCH_PATHS = (
					"$(inherited)",
					"@executable_path/Frameworks",
				);
				MARKETING_VERSION = 1.0;
				PRODUCT_BUNDLE_IDENTIFIER = "tfc.-2-Alura-Trips-iOS-";
				PRODUCT_NAME = "$(TARGET_NAME)";
				SWIFT_EMIT_LOC_STRINGS = YES;
				SWIFT_VERSION = 5.0;
				TARGETED_DEVICE_FAMILY = "1,2";
			};
			name = Debug;
		};
		F061CCFE2C043CA2000ACE4D /* Release */ = {
			isa = XCBuildConfiguration;
			buildSettings = {
				ASSETCATALOG_COMPILER_APPICON_NAME = AppIcon;
				ASSETCATALOG_COMPILER_GLOBAL_ACCENT_COLOR_NAME = AccentColor;
				CODE_SIGN_STYLE = Automatic;
				CURRENT_PROJECT_VERSION = 1;
				GENERATE_INFOPLIST_FILE = YES;
				INFOPLIST_FILE = 02_Alura_Trips_iOS_/Info.plist;
				INFOPLIST_KEY_UIApplicationSupportsIndirectInputEvents = YES;
				INFOPLIST_KEY_UILaunchStoryboardName = LaunchScreen;
				INFOPLIST_KEY_UIMainStoryboardFile = Main;
				INFOPLIST_KEY_UISupportedInterfaceOrientations_iPad = "UIInterfaceOrientationPortrait UIInterfaceOrientationPortraitUpsideDown UIInterfaceOrientationLandscapeLeft UIInterfaceOrientationLandscapeRight";
				INFOPLIST_KEY_UISupportedInterfaceOrientations_iPhone = "UIInterfaceOrientationPortrait UIInterfaceOrientationLandscapeLeft UIInterfaceOrientationLandscapeRight";
				LD_RUNPATH_SEARCH_PATHS = (
					"$(inherited)",
					"@executable_path/Frameworks",
				);
				MARKETING_VERSION = 1.0;
				PRODUCT_BUNDLE_IDENTIFIER = "tfc.-2-Alura-Trips-iOS-";
				PRODUCT_NAME = "$(TARGET_NAME)";
				SWIFT_EMIT_LOC_STRINGS = YES;
				SWIFT_VERSION = 5.0;
				TARGETED_DEVICE_FAMILY = "1,2";
			};
			name = Release;
		};
/* End XCBuildConfiguration section */

/* Begin XCConfigurationList section */
		F061CCE32C043CA2000ACE4D /* Build configuration list for PBXProject "02_Alura_Trips_iOS_" */ = {
			isa = XCConfigurationList;
			buildConfigurations = (
				F061CCFA2C043CA2000ACE4D /* Debug */,
				F061CCFB2C043CA2000ACE4D /* Release */,
			);
			defaultConfigurationIsVisible = 0;
			defaultConfigurationName = Release;
		};
		F061CCFC2C043CA2000ACE4D /* Build configuration list for PBXNativeTarget "02_Alura_Trips_iOS_" */ = {
			isa = XCConfigurationList;
			buildConfigurations = (
				F061CCFD2C043CA2000ACE4D /* Debug */,
				F061CCFE2C043CA2000ACE4D /* Release */,
			);
			defaultConfigurationIsVisible = 0;
			defaultConfigurationName = Release;
		};
/* End XCConfigurationList section */
	};
	rootObject = F061CCE02C043CA2000ACE4D /* Project object */;
}
